<?xml version="1.0" encoding="utf-8"?>
<Project ToolsVersion="4.0" xmlns="http://schemas.microsoft.com/developer/msbuild/2003">
  <ItemGroup>
    <Filter Include="src">
      <UniqueIdentifier>{2DAB880B-99B4-887C-2230-9F7C8E38947C}</UniqueIdentifier>
    </Filter>
    <Filter Include="src\Hazel">
      <UniqueIdentifier>{F0370AB3-5CA2-BE29-A5E0-6FCF118A9C7E}</UniqueIdentifier>
    </Filter>
    <Filter Include="src\Hazel\Asset">
      <UniqueIdentifier>{7F20ACB2-EBAB-1977-F4BC-9C6B60C77577}</UniqueIdentifier>
    </Filter>
    <Filter Include="src\Hazel\Asset\Image">
      <UniqueIdentifier>{B12571EE-1D92-2CE9-E685-C44652B14E51}</UniqueIdentifier>
    </Filter>
    <Filter Include="src\Hazel\Asset\Shader">
      <UniqueIdentifier>{45EB8ED3-31E5-B725-1A52-4E3606EB1D92}</UniqueIdentifier>
    </Filter>
    <Filter Include="src\Hazel\Core">
      <UniqueIdentifier>{48D253A8-34A0-47AE-1D34-B8D409A12313}</UniqueIdentifier>
    </Filter>
    <Filter Include="src\Hazel\Core\Allocation">
      <UniqueIdentifier>{1D3104F7-89F3-3781-D2A3-C60D3EA5105F}</UniqueIdentifier>
    </Filter>
    <Filter Include="src\Hazel\Core\Allocation\Allocator">
      <UniqueIdentifier>{AD043AE7-19BE-A491-A21D-BF6B0ED65A01}</UniqueIdentifier>
    </Filter>
    <Filter Include="src\Hazel\Core\Allocation\MemoryPool">
      <UniqueIdentifier>{9F1570E0-8BFC-31D8-344D-98F52013AB3E}</UniqueIdentifier>
    </Filter>
    <Filter Include="src\Hazel\Core\Allocation\MemoryPool\Allocator">
      <UniqueIdentifier>{AFF3E61C-9B71-37B6-8469-F54D708679DE}</UniqueIdentifier>
    </Filter>
    <Filter Include="src\Hazel\Core\DataStructure">
      <UniqueIdentifier>{429BBD6B-2E56-AD17-D70D-2662C3A7F7A7}</UniqueIdentifier>
    </Filter>
    <Filter Include="src\Hazel\Core\GC">
      <UniqueIdentifier>{A1DEC29E-0DF5-C034-566C-4C56C2C191BC}</UniqueIdentifier>
    </Filter>
    <Filter Include="src\Hazel\Core\ID">
      <UniqueIdentifier>{E4DEC29E-50F5-C034-996C-4C5605C291BC}</UniqueIdentifier>
    </Filter>
    <Filter Include="src\Hazel\Core\Layer">
      <UniqueIdentifier>{146503BA-00F4-8C83-A912-A17E95809D29}</UniqueIdentifier>
    </Filter>
    <Filter Include="src\Hazel\Core\Memory">
      <UniqueIdentifier>{B02807FD-1C95-C2F7-E588-5A5551B4E45F}</UniqueIdentifier>
    </Filter>
    <Filter Include="src\Hazel\Core\Object">
      <UniqueIdentifier>{CE5E7901-3ACB-34FC-03BF-CC596FEA5664}</UniqueIdentifier>
    </Filter>
    <Filter Include="src\Hazel\Core\Reflection">
      <UniqueIdentifier>{028CA5A0-6E4E-D92A-B7FE-67B72300B208}</UniqueIdentifier>
    </Filter>
    <Filter Include="src\Hazel\Core\Serialization">
      <UniqueIdentifier>{D588303F-C143-20EB-6AFB-983556956A7B}</UniqueIdentifier>
    </Filter>
    <Filter Include="src\Hazel\Core\Thread">
      <UniqueIdentifier>{AF1F940D-1B8C-4F08-E47F-E76550AB7170}</UniqueIdentifier>
    </Filter>
    <Filter Include="src\Hazel\Debug">
      <UniqueIdentifier>{6676DAB2-D201-4877-DB12-CB6B471DA477}</UniqueIdentifier>
    </Filter>
    <Filter Include="src\Hazel\Event">
      <UniqueIdentifier>{41EDF5B2-AD78-6377-B689-E66B2294BF77}</UniqueIdentifier>
    </Filter>
    <Filter Include="src\Hazel\FileSystem">
      <UniqueIdentifier>{0444DFD8-F0D2-68A2-99F1-7C9D855F7948}</UniqueIdentifier>
    </Filter>
    <Filter Include="src\Hazel\ImGui">
      <UniqueIdentifier>{1AE138B3-866C-A677-8F7D-296CFB870278}</UniqueIdentifier>
    </Filter>
    <Filter Include="src\Hazel\Input">
      <UniqueIdentifier>{EF1B3AB3-5BA7-A777-64B8-2A6CD0C20378}</UniqueIdentifier>
    </Filter>
    <Filter Include="src\Hazel\Math">
      <UniqueIdentifier>{C91259A8-B5E0-4CAE-9E74-BDD48AE12813}</UniqueIdentifier>
    </Filter>
    <Filter Include="src\Hazel\Scene">
      <UniqueIdentifier>{0DD9E8B3-7964-5678-8275-D96CEE7FB278}</UniqueIdentifier>
    </Filter>
    <Filter Include="src\Hazel\Scene\Component">
      <UniqueIdentifier>{AF253390-1BE8-661A-6498-F5A6D0993FF8}</UniqueIdentifier>
    </Filter>
    <Filter Include="src\Hazel\Scene\Component\Collider">
      <UniqueIdentifier>{4C8D2460-38C9-27CA-A1DB-3FC18D36D0E4}</UniqueIdentifier>
    </Filter>
    <Filter Include="src\Hazel\Scene\Component\Identifier">
      <UniqueIdentifier>{61F08E50-4DD7-5048-F627-B765E2EDC9AE}</UniqueIdentifier>
    </Filter>
    <Filter Include="src\Hazel\Scene\Component\Renderer">
      <UniqueIdentifier>{353E513A-217A-54A4-8A8C-6C9B76E7FCBE}</UniqueIdentifier>
    </Filter>
    <Filter Include="src\Hazel\Utils">
      <UniqueIdentifier>{506D16B4-BCF8-8378-C509-076D3114E078}</UniqueIdentifier>
    </Filter>
    <Filter Include="src\Platform">
      <UniqueIdentifier>{21CA02E5-0D2D-9289-B6B2-CA3FA2F45D0C}</UniqueIdentifier>
    </Filter>
    <Filter Include="src\Platform\OpenGL">
      <UniqueIdentifier>{35A49437-A105-7245-2A73-B8F796D3A804}</UniqueIdentifier>
    </Filter>
    <Filter Include="src\Platform\Windows">
      <UniqueIdentifier>{5B054582-4794-CE4B-F0B2-E246DC20DFF1}</UniqueIdentifier>
    </Filter>
    <Filter Include="src\Renderer">
      <UniqueIdentifier>{73D1DFBF-5F34-6F64-08BA-A71AF4FB3AE7}</UniqueIdentifier>
    </Filter>
    <Filter Include="src\Renderer\Buffer">
      <UniqueIdentifier>{FCD3C1F3-6835-9F01-F1A2-E5B35D03D6C0}</UniqueIdentifier>
    </Filter>
    <Filter Include="src\Renderer\Camera">
      <UniqueIdentifier>{8BE6B0F4-F747-8E02-80B5-D4B4EC15C5C1}</UniqueIdentifier>
    </Filter>
    <Filter Include="vendor">
      <UniqueIdentifier>{B3738122-9F15-ACF8-88D0-BF4C74113349}</UniqueIdentifier>
    </Filter>
    <Filter Include="vendor\ImGuizmo">
      <UniqueIdentifier>{73BF7F4C-DF4A-ED10-E85B-700554664911}</UniqueIdentifier>
    </Filter>
    <Filter Include="vendor\glm">
      <UniqueIdentifier>{829FC5A8-6E57-07F6-D75E-E051C335A2E6}</UniqueIdentifier>
    </Filter>
    <Filter Include="vendor\glm\glm">
      <UniqueIdentifier>{D11AC9C9-BDE8-BCCF-A67C-2DF692E99834}</UniqueIdentifier>
    </Filter>
    <Filter Include="vendor\glm\glm\detail">
      <UniqueIdentifier>{739DA071-DF09-5C6C-A8FD-F3C914297ED4}</UniqueIdentifier>
    </Filter>
    <Filter Include="vendor\glm\glm\ext">
      <UniqueIdentifier>{B19EA76B-9D82-68C1-06E3-6214F2E55243}</UniqueIdentifier>
    </Filter>
    <Filter Include="vendor\glm\glm\gtc">
      <UniqueIdentifier>{9EA6A76B-8A8A-68C1-F3EA-6214DFED5243}</UniqueIdentifier>
    </Filter>
    <Filter Include="vendor\glm\glm\gtx">
      <UniqueIdentifier>{B3A6A76B-9F8A-68C1-08EB-6214F4ED5243}</UniqueIdentifier>
    </Filter>
    <Filter Include="vendor\stb_image">
      <UniqueIdentifier>{0DA0BA59-F998-D9AB-22CB-BE300E23B9B7}</UniqueIdentifier>
    </Filter>
  </ItemGroup>
  <ItemGroup>
    <ClInclude Include="src\Hazel.h">
      <Filter>src</Filter>
    </ClInclude>
    <ClInclude Include="src\Hazel\Asset\Image\ImageUtils.h">
      <Filter>src\Hazel\Asset\Image</Filter>
    </ClInclude>
    <ClInclude Include="src\Hazel\Asset\Image\SubTexture2D.h">
      <Filter>src\Hazel\Asset\Image</Filter>
    </ClInclude>
    <ClInclude Include="src\Hazel\Asset\Image\Texture.h">
      <Filter>src\Hazel\Asset\Image</Filter>
    </ClInclude>
    <ClInclude Include="src\Hazel\Asset\ResourceManager.h">
      <Filter>src\Hazel\Asset</Filter>
    </ClInclude>
    <ClInclude Include="src\Hazel\Asset\Shader\Shader.h">
      <Filter>src\Hazel\Asset\Shader</Filter>
    </ClInclude>
    <ClInclude Include="src\Hazel\Core\Allocation\Allocator\DefaultHeapAllocator.h">
      <Filter>src\Hazel\Core\Allocation\Allocator</Filter>
    </ClInclude>
    <ClInclude Include="src\Hazel\Core\Allocation\MemoryPool\Allocator\FreeListAllocator.h">
      <Filter>src\Hazel\Core\Allocation\MemoryPool\Allocator</Filter>
    </ClInclude>
    <ClInclude Include="src\Hazel\Core\Allocation\MemoryPool\Allocator\MemoryPoolAllocator.h">
      <Filter>src\Hazel\Core\Allocation\MemoryPool\Allocator</Filter>
    </ClInclude>
    <ClInclude Include="src\Hazel\Core\Allocation\MemoryPool\Allocator\PoolAllocator.h">
      <Filter>src\Hazel\Core\Allocation\MemoryPool\Allocator</Filter>
    </ClInclude>
    <ClInclude Include="src\Hazel\Core\Allocation\MemoryPool\Allocator\StackAllocator.h">
      <Filter>src\Hazel\Core\Allocation\MemoryPool\Allocator</Filter>
    </ClInclude>
    <ClInclude Include="src\Hazel\Core\Allocation\MemoryPool\BaseMemoryPool.h">
      <Filter>src\Hazel\Core\Allocation\MemoryPool</Filter>
    </ClInclude>
    <ClInclude Include="src\Hazel\Core\Allocation\MemoryPool\FixedMemoryPool.h">
      <Filter>src\Hazel\Core\Allocation\MemoryPool</Filter>
    </ClInclude>
    <ClInclude Include="src\Hazel\Core\Allocation\MemoryPool\MemoryPoolInfo.h">
      <Filter>src\Hazel\Core\Allocation\MemoryPool</Filter>
    </ClInclude>
    <ClInclude Include="src\Hazel\Core\Allocation\MemoryPool\MemoryPoolManager.h">
      <Filter>src\Hazel\Core\Allocation\MemoryPool</Filter>
    </ClInclude>
    <ClInclude Include="src\Hazel\Core\Allocation\MemoryPool\VariantMemoryPool.h">
      <Filter>src\Hazel\Core\Allocation\MemoryPool</Filter>
    </ClInclude>
    <ClInclude Include="src\Hazel\Core\Application.h">
      <Filter>src\Hazel\Core</Filter>
    </ClInclude>
    <ClInclude Include="src\Hazel\Core\Core.h">
      <Filter>src\Hazel\Core</Filter>
    </ClInclude>
    <ClInclude Include="src\Hazel\Core\DataStructure\AVLTree.h">
      <Filter>src\Hazel\Core\DataStructure</Filter>
    </ClInclude>
    <ClInclude Include="src\Hazel\Core\DataStructure\DoublyLinkedList.h">
      <Filter>src\Hazel\Core\DataStructure</Filter>
    </ClInclude>
    <ClInclude Include="src\Hazel\Core\DataStructure\SinglyLinkedList.h">
      <Filter>src\Hazel\Core\DataStructure</Filter>
    </ClInclude>
    <ClInclude Include="src\Hazel\Core\DataStructure\StackLinkedList.h">
      <Filter>src\Hazel\Core\DataStructure</Filter>
    </ClInclude>
    <ClInclude Include="src\Hazel\Core\EntryPoint.h">
      <Filter>src\Hazel\Core</Filter>
    </ClInclude>
    <ClInclude Include="src\Hazel\Core\GC\GC.h">
      <Filter>src\Hazel\Core\GC</Filter>
    </ClInclude>
    <ClInclude Include="src\Hazel\Core\GC\GCInfo.h">
      <Filter>src\Hazel\Core\GC</Filter>
    </ClInclude>
    <ClInclude Include="src\Hazel\Core\GC\GCObject.h">
      <Filter>src\Hazel\Core\GC</Filter>
    </ClInclude>
    <ClInclude Include="src\Hazel\Core\ID\UUID.h">
      <Filter>src\Hazel\Core\ID</Filter>
    </ClInclude>
    <ClInclude Include="src\Hazel\Core\Layer\Layer.h">
      <Filter>src\Hazel\Core\Layer</Filter>
    </ClInclude>
    <ClInclude Include="src\Hazel\Core\Layer\LayerStack.h">
      <Filter>src\Hazel\Core\Layer</Filter>
    </ClInclude>
    <ClInclude Include="src\Hazel\Core\Memory\Channel.h">
      <Filter>src\Hazel\Core\Memory</Filter>
    </ClInclude>
    <ClInclude Include="src\Hazel\Core\Object\BaseObject.h">
      <Filter>src\Hazel\Core\Object</Filter>
    </ClInclude>
    <ClInclude Include="src\Hazel\Core\Object\ObjectDB.h">
      <Filter>src\Hazel\Core\Object</Filter>
    </ClInclude>
    <ClInclude Include="src\Hazel\Core\Object\ObjectID.h">
      <Filter>src\Hazel\Core\Object</Filter>
    </ClInclude>
    <ClInclude Include="src\Hazel\Core\Object\ObjectPtr.h">
      <Filter>src\Hazel\Core\Object</Filter>
    </ClInclude>
    <ClInclude Include="src\Hazel\Core\Reflection\FieldInfo.h">
      <Filter>src\Hazel\Core\Reflection</Filter>
    </ClInclude>
    <ClInclude Include="src\Hazel\Core\Reflection\Reflection.h">
      <Filter>src\Hazel\Core\Reflection</Filter>
    </ClInclude>
    <ClInclude Include="src\Hazel\Core\Reflection\TypeId.h">
      <Filter>src\Hazel\Core\Reflection</Filter>
    </ClInclude>
    <ClInclude Include="src\Hazel\Core\Reflection\TypeUtils.h">
      <Filter>src\Hazel\Core\Reflection</Filter>
    </ClInclude>
    <ClInclude Include="src\Hazel\Core\Reflection\VariableId.h">
      <Filter>src\Hazel\Core\Reflection</Filter>
    </ClInclude>
    <ClInclude Include="src\Hazel\Core\Serialization\JsonSerializer.h">
      <Filter>src\Hazel\Core\Serialization</Filter>
    </ClInclude>
    <ClInclude Include="src\Hazel\Core\Serialization\SerializeTarget.h">
      <Filter>src\Hazel\Core\Serialization</Filter>
    </ClInclude>
    <ClInclude Include="src\Hazel\Core\Serialization\Serializer.h">
      <Filter>src\Hazel\Core\Serialization</Filter>
    </ClInclude>
    <ClInclude Include="src\Hazel\Core\Thread\ThreadUtil.h">
      <Filter>src\Hazel\Core\Thread</Filter>
    </ClInclude>
    <ClInclude Include="src\Hazel\Core\Window.h">
      <Filter>src\Hazel\Core</Filter>
    </ClInclude>
    <ClInclude Include="src\Hazel\Debug\Instrumentor.h">
      <Filter>src\Hazel\Debug</Filter>
    </ClInclude>
    <ClInclude Include="src\Hazel\Event\ApplicationEvent.h">
      <Filter>src\Hazel\Event</Filter>
    </ClInclude>
    <ClInclude Include="src\Hazel\Event\Event.h">
      <Filter>src\Hazel\Event</Filter>
    </ClInclude>
    <ClInclude Include="src\Hazel\Event\KeyEvent.h">
      <Filter>src\Hazel\Event</Filter>
    </ClInclude>
    <ClInclude Include="src\Hazel\Event\MouseEvent.h">
      <Filter>src\Hazel\Event</Filter>
    </ClInclude>
    <ClInclude Include="src\Hazel\FileSystem\DirectorySystem.h">
      <Filter>src\Hazel\FileSystem</Filter>
    </ClInclude>
    <ClInclude Include="src\Hazel\FileSystem\FileMemory.h">
      <Filter>src\Hazel\FileSystem</Filter>
    </ClInclude>
    <ClInclude Include="src\Hazel\FileSystem\FileModes.h">
      <Filter>src\Hazel\FileSystem</Filter>
    </ClInclude>
    <ClInclude Include="src\Hazel\ImGui\ImGuiLayer.h">
      <Filter>src\Hazel\ImGui</Filter>
    </ClInclude>
    <ClInclude Include="src\Hazel\Input\Input.h">
      <Filter>src\Hazel\Input</Filter>
    </ClInclude>
    <ClInclude Include="src\Hazel\Input\KeyCodes.h">
      <Filter>src\Hazel\Input</Filter>
    </ClInclude>
    <ClInclude Include="src\Hazel\Input\MouseButtonCodes.h">
      <Filter>src\Hazel\Input</Filter>
    </ClInclude>
    <ClInclude Include="src\Hazel\Math\Math.h">
      <Filter>src\Hazel\Math</Filter>
    </ClInclude>
    <ClInclude Include="src\Hazel\Scene\Component\CameraComponent.h">
      <Filter>src\Hazel\Scene\Component</Filter>
    </ClInclude>
    <ClInclude Include="src\Hazel\Scene\Component\Collider\BoxCollider2DComponent.h">
      <Filter>src\Hazel\Scene\Component\Collider</Filter>
    </ClInclude>
    <ClInclude Include="src\Hazel\Scene\Component\Collider\CircleCollider2DComponent.h">
      <Filter>src\Hazel\Scene\Component\Collider</Filter>
    </ClInclude>
    <ClInclude Include="src\Hazel\Scene\Component\Component.h">
      <Filter>src\Hazel\Scene\Component</Filter>
    </ClInclude>
    <ClInclude Include="src\Hazel\Scene\Component\ComponentFlag.h">
      <Filter>src\Hazel\Scene\Component</Filter>
    </ClInclude>
    <ClInclude Include="src\Hazel\Scene\Component\Identifier\IDComponent.h">
      <Filter>src\Hazel\Scene\Component\Identifier</Filter>
    </ClInclude>
    <ClInclude Include="src\Hazel\Scene\Component\Identifier\NameComponent.h">
      <Filter>src\Hazel\Scene\Component\Identifier</Filter>
    </ClInclude>
    <ClInclude Include="src\Hazel\Scene\Component\NativeScriptComponent.h">
      <Filter>src\Hazel\Scene\Component</Filter>
    </ClInclude>
    <ClInclude Include="src\Hazel\Scene\Component\Renderer\CircleRendererComponent.h">
      <Filter>src\Hazel\Scene\Component\Renderer</Filter>
    </ClInclude>
    <ClInclude Include="src\Hazel\Scene\Component\Renderer\SpriteRenderComponent.h">
      <Filter>src\Hazel\Scene\Component\Renderer</Filter>
    </ClInclude>
    <ClInclude Include="src\Hazel\Scene\Component\RigidBody2DComponent.h">
      <Filter>src\Hazel\Scene\Component</Filter>
    </ClInclude>
    <ClInclude Include="src\Hazel\Scene\Component\TransformComponent.h">
      <Filter>src\Hazel\Scene\Component</Filter>
    </ClInclude>
    <ClInclude Include="src\Hazel\Scene\Entity.h">
      <Filter>src\Hazel\Scene</Filter>
    </ClInclude>
    <ClInclude Include="src\Hazel\Scene\Scene.h">
      <Filter>src\Hazel\Scene</Filter>
    </ClInclude>
    <ClInclude Include="src\Hazel\Scene\SceneCamera.h">
      <Filter>src\Hazel\Scene</Filter>
    </ClInclude>
    <ClInclude Include="src\Hazel\Scene\SceneSerializer.h">
      <Filter>src\Hazel\Scene</Filter>
    </ClInclude>
    <ClInclude Include="src\Hazel\Scene\ScriptableEntity.h">
      <Filter>src\Hazel\Scene</Filter>
    </ClInclude>
    <ClInclude Include="src\Hazel\Utils\Encoder.h">
      <Filter>src\Hazel\Utils</Filter>
    </ClInclude>
    <ClInclude Include="src\Hazel\Utils\EngineUtil.h">
      <Filter>src\Hazel\Utils</Filter>
    </ClInclude>
    <ClInclude Include="src\Hazel\Utils\Log.h">
      <Filter>src\Hazel\Utils</Filter>
    </ClInclude>
    <ClInclude Include="src\Hazel\Utils\PlatformUtils.h">
      <Filter>src\Hazel\Utils</Filter>
    </ClInclude>
    <ClInclude Include="src\Hazel\Utils\Random.h">
      <Filter>src\Hazel\Utils</Filter>
    </ClInclude>
    <ClInclude Include="src\Hazel\Utils\StringUtil.h">
      <Filter>src\Hazel\Utils</Filter>
    </ClInclude>
    <ClInclude Include="src\Hazel\Utils\TimeStep.h">
      <Filter>src\Hazel\Utils</Filter>
    </ClInclude>
    <ClInclude Include="src\Platform\OpenGL\OpenGLBuffer.h">
      <Filter>src\Platform\OpenGL</Filter>
    </ClInclude>
    <ClInclude Include="src\Platform\OpenGL\OpenGLContext.h">
      <Filter>src\Platform\OpenGL</Filter>
    </ClInclude>
    <ClInclude Include="src\Platform\OpenGL\OpenGLFrameBuffer.h">
      <Filter>src\Platform\OpenGL</Filter>
    </ClInclude>
    <ClInclude Include="src\Platform\OpenGL\OpenGLRendererAPI.h">
      <Filter>src\Platform\OpenGL</Filter>
    </ClInclude>
    <ClInclude Include="src\Platform\OpenGL\OpenGLShader.h">
      <Filter>src\Platform\OpenGL</Filter>
    </ClInclude>
    <ClInclude Include="src\Platform\OpenGL\OpenGLTexture.h">
      <Filter>src\Platform\OpenGL</Filter>
    </ClInclude>
    <ClInclude Include="src\Platform\OpenGL\OpenGLUniformBuffer.h">
      <Filter>src\Platform\OpenGL</Filter>
    </ClInclude>
    <ClInclude Include="src\Platform\OpenGL\OpenGLVertexArray.h">
      <Filter>src\Platform\OpenGL</Filter>
    </ClInclude>
    <ClInclude Include="src\Platform\Windows\WindowPlatformUtil.h">
      <Filter>src\Platform\Windows</Filter>
    </ClInclude>
    <ClInclude Include="src\Platform\Windows\WindowsWindow.h">
      <Filter>src\Platform\Windows</Filter>
    </ClInclude>
    <ClInclude Include="src\Renderer\Buffer\Buffer.h">
      <Filter>src\Renderer\Buffer</Filter>
    </ClInclude>
    <ClInclude Include="src\Renderer\Buffer\FrameBuffer.h">
      <Filter>src\Renderer\Buffer</Filter>
    </ClInclude>
    <ClInclude Include="src\Renderer\Buffer\UniformBuffer.h">
      <Filter>src\Renderer\Buffer</Filter>
    </ClInclude>
    <ClInclude Include="src\Renderer\Camera\Camera.h">
      <Filter>src\Renderer\Camera</Filter>
    </ClInclude>
    <ClInclude Include="src\Renderer\Camera\EditorCamera.h">
      <Filter>src\Renderer\Camera</Filter>
    </ClInclude>
    <ClInclude Include="src\Renderer\Camera\OrthographicCamera.h">
      <Filter>src\Renderer\Camera</Filter>
    </ClInclude>
    <ClInclude Include="src\Renderer\Camera\OrthographicCameraController.h">
      <Filter>src\Renderer\Camera</Filter>
    </ClInclude>
    <ClInclude Include="src\Renderer\GraphicsContext.h">
      <Filter>src\Renderer</Filter>
    </ClInclude>
    <ClInclude Include="src\Renderer\RenderCommand.h">
      <Filter>src\Renderer</Filter>
    </ClInclude>
    <ClInclude Include="src\Renderer\Renderer.h">
      <Filter>src\Renderer</Filter>
    </ClInclude>
    <ClInclude Include="src\Renderer\Renderer2D.h">
      <Filter>src\Renderer</Filter>
    </ClInclude>
    <ClInclude Include="src\Renderer\RendererAPI.h">
      <Filter>src\Renderer</Filter>
    </ClInclude>
    <ClInclude Include="src\Renderer\VertexArray.h">
      <Filter>src\Renderer</Filter>
    </ClInclude>
    <ClInclude Include="src\hzpch.h">
      <Filter>src</Filter>
    </ClInclude>
    <ClInclude Include="vendor\ImGuizmo\ImGuizmo.h">
      <Filter>vendor\ImGuizmo</Filter>
    </ClInclude>
    <ClInclude Include="vendor\glm\glm\common.hpp">
      <Filter>vendor\glm\glm</Filter>
    </ClInclude>
    <ClInclude Include="vendor\glm\glm\detail\_features.hpp">
      <Filter>vendor\glm\glm\detail</Filter>
    </ClInclude>
    <ClInclude Include="vendor\glm\glm\detail\_fixes.hpp">
      <Filter>vendor\glm\glm\detail</Filter>
    </ClInclude>
    <ClInclude Include="vendor\glm\glm\detail\_noise.hpp">
      <Filter>vendor\glm\glm\detail</Filter>
    </ClInclude>
    <ClInclude Include="vendor\glm\glm\detail\_swizzle.hpp">
      <Filter>vendor\glm\glm\detail</Filter>
    </ClInclude>
    <ClInclude Include="vendor\glm\glm\detail\_swizzle_func.hpp">
      <Filter>vendor\glm\glm\detail</Filter>
    </ClInclude>
    <ClInclude Include="vendor\glm\glm\detail\_vectorize.hpp">
      <Filter>vendor\glm\glm\detail</Filter>
    </ClInclude>
    <ClInclude Include="vendor\glm\glm\detail\compute_common.hpp">
      <Filter>vendor\glm\glm\detail</Filter>
    </ClInclude>
    <ClInclude Include="vendor\glm\glm\detail\compute_vector_relational.hpp">
      <Filter>vendor\glm\glm\detail</Filter>
    </ClInclude>
    <ClInclude Include="vendor\glm\glm\detail\qualifier.hpp">
      <Filter>vendor\glm\glm\detail</Filter>
    </ClInclude>
    <ClInclude Include="vendor\glm\glm\detail\setup.hpp">
      <Filter>vendor\glm\glm\detail</Filter>
    </ClInclude>
    <ClInclude Include="vendor\glm\glm\detail\type_float.hpp">
      <Filter>vendor\glm\glm\detail</Filter>
    </ClInclude>
    <ClInclude Include="vendor\glm\glm\detail\type_half.hpp">
      <Filter>vendor\glm\glm\detail</Filter>
    </ClInclude>
    <ClInclude Include="vendor\glm\glm\detail\type_mat2x2.hpp">
      <Filter>vendor\glm\glm\detail</Filter>
    </ClInclude>
    <ClInclude Include="vendor\glm\glm\detail\type_mat2x3.hpp">
      <Filter>vendor\glm\glm\detail</Filter>
    </ClInclude>
    <ClInclude Include="vendor\glm\glm\detail\type_mat2x4.hpp">
      <Filter>vendor\glm\glm\detail</Filter>
    </ClInclude>
    <ClInclude Include="vendor\glm\glm\detail\type_mat3x2.hpp">
      <Filter>vendor\glm\glm\detail</Filter>
    </ClInclude>
    <ClInclude Include="vendor\glm\glm\detail\type_mat3x3.hpp">
      <Filter>vendor\glm\glm\detail</Filter>
    </ClInclude>
    <ClInclude Include="vendor\glm\glm\detail\type_mat3x4.hpp">
      <Filter>vendor\glm\glm\detail</Filter>
    </ClInclude>
    <ClInclude Include="vendor\glm\glm\detail\type_mat4x2.hpp">
      <Filter>vendor\glm\glm\detail</Filter>
    </ClInclude>
    <ClInclude Include="vendor\glm\glm\detail\type_mat4x3.hpp">
      <Filter>vendor\glm\glm\detail</Filter>
    </ClInclude>
    <ClInclude Include="vendor\glm\glm\detail\type_mat4x4.hpp">
      <Filter>vendor\glm\glm\detail</Filter>
    </ClInclude>
    <ClInclude Include="vendor\glm\glm\detail\type_quat.hpp">
      <Filter>vendor\glm\glm\detail</Filter>
    </ClInclude>
    <ClInclude Include="vendor\glm\glm\detail\type_vec1.hpp">
      <Filter>vendor\glm\glm\detail</Filter>
    </ClInclude>
    <ClInclude Include="vendor\glm\glm\detail\type_vec2.hpp">
      <Filter>vendor\glm\glm\detail</Filter>
    </ClInclude>
    <ClInclude Include="vendor\glm\glm\detail\type_vec3.hpp">
      <Filter>vendor\glm\glm\detail</Filter>
    </ClInclude>
    <ClInclude Include="vendor\glm\glm\detail\type_vec4.hpp">
      <Filter>vendor\glm\glm\detail</Filter>
    </ClInclude>
    <ClInclude Include="vendor\glm\glm\exponential.hpp">
      <Filter>vendor\glm\glm</Filter>
    </ClInclude>
    <ClInclude Include="vendor\glm\glm\ext.hpp">
      <Filter>vendor\glm\glm</Filter>
    </ClInclude>
    <ClInclude Include="vendor\glm\glm\ext\_matrix_vectorize.hpp">
      <Filter>vendor\glm\glm\ext</Filter>
    </ClInclude>
    <ClInclude Include="vendor\glm\glm\ext\matrix_clip_space.hpp">
      <Filter>vendor\glm\glm\ext</Filter>
    </ClInclude>
    <ClInclude Include="vendor\glm\glm\ext\matrix_common.hpp">
      <Filter>vendor\glm\glm\ext</Filter>
    </ClInclude>
    <ClInclude Include="vendor\glm\glm\ext\matrix_double2x2.hpp">
      <Filter>vendor\glm\glm\ext</Filter>
    </ClInclude>
    <ClInclude Include="vendor\glm\glm\ext\matrix_double2x2_precision.hpp">
      <Filter>vendor\glm\glm\ext</Filter>
    </ClInclude>
    <ClInclude Include="vendor\glm\glm\ext\matrix_double2x3.hpp">
      <Filter>vendor\glm\glm\ext</Filter>
    </ClInclude>
    <ClInclude Include="vendor\glm\glm\ext\matrix_double2x3_precision.hpp">
      <Filter>vendor\glm\glm\ext</Filter>
    </ClInclude>
    <ClInclude Include="vendor\glm\glm\ext\matrix_double2x4.hpp">
      <Filter>vendor\glm\glm\ext</Filter>
    </ClInclude>
    <ClInclude Include="vendor\glm\glm\ext\matrix_double2x4_precision.hpp">
      <Filter>vendor\glm\glm\ext</Filter>
    </ClInclude>
    <ClInclude Include="vendor\glm\glm\ext\matrix_double3x2.hpp">
      <Filter>vendor\glm\glm\ext</Filter>
    </ClInclude>
    <ClInclude Include="vendor\glm\glm\ext\matrix_double3x2_precision.hpp">
      <Filter>vendor\glm\glm\ext</Filter>
    </ClInclude>
    <ClInclude Include="vendor\glm\glm\ext\matrix_double3x3.hpp">
      <Filter>vendor\glm\glm\ext</Filter>
    </ClInclude>
    <ClInclude Include="vendor\glm\glm\ext\matrix_double3x3_precision.hpp">
      <Filter>vendor\glm\glm\ext</Filter>
    </ClInclude>
    <ClInclude Include="vendor\glm\glm\ext\matrix_double3x4.hpp">
      <Filter>vendor\glm\glm\ext</Filter>
    </ClInclude>
    <ClInclude Include="vendor\glm\glm\ext\matrix_double3x4_precision.hpp">
      <Filter>vendor\glm\glm\ext</Filter>
    </ClInclude>
    <ClInclude Include="vendor\glm\glm\ext\matrix_double4x2.hpp">
      <Filter>vendor\glm\glm\ext</Filter>
    </ClInclude>
    <ClInclude Include="vendor\glm\glm\ext\matrix_double4x2_precision.hpp">
      <Filter>vendor\glm\glm\ext</Filter>
    </ClInclude>
    <ClInclude Include="vendor\glm\glm\ext\matrix_double4x3.hpp">
      <Filter>vendor\glm\glm\ext</Filter>
    </ClInclude>
    <ClInclude Include="vendor\glm\glm\ext\matrix_double4x3_precision.hpp">
      <Filter>vendor\glm\glm\ext</Filter>
    </ClInclude>
    <ClInclude Include="vendor\glm\glm\ext\matrix_double4x4.hpp">
      <Filter>vendor\glm\glm\ext</Filter>
    </ClInclude>
    <ClInclude Include="vendor\glm\glm\ext\matrix_double4x4_precision.hpp">
      <Filter>vendor\glm\glm\ext</Filter>
    </ClInclude>
    <ClInclude Include="vendor\glm\glm\ext\matrix_float2x2.hpp">
      <Filter>vendor\glm\glm\ext</Filter>
    </ClInclude>
    <ClInclude Include="vendor\glm\glm\ext\matrix_float2x2_precision.hpp">
      <Filter>vendor\glm\glm\ext</Filter>
    </ClInclude>
    <ClInclude Include="vendor\glm\glm\ext\matrix_float2x3.hpp">
      <Filter>vendor\glm\glm\ext</Filter>
    </ClInclude>
    <ClInclude Include="vendor\glm\glm\ext\matrix_float2x3_precision.hpp">
      <Filter>vendor\glm\glm\ext</Filter>
    </ClInclude>
    <ClInclude Include="vendor\glm\glm\ext\matrix_float2x4.hpp">
      <Filter>vendor\glm\glm\ext</Filter>
    </ClInclude>
    <ClInclude Include="vendor\glm\glm\ext\matrix_float2x4_precision.hpp">
      <Filter>vendor\glm\glm\ext</Filter>
    </ClInclude>
    <ClInclude Include="vendor\glm\glm\ext\matrix_float3x2.hpp">
      <Filter>vendor\glm\glm\ext</Filter>
    </ClInclude>
    <ClInclude Include="vendor\glm\glm\ext\matrix_float3x2_precision.hpp">
      <Filter>vendor\glm\glm\ext</Filter>
    </ClInclude>
    <ClInclude Include="vendor\glm\glm\ext\matrix_float3x3.hpp">
      <Filter>vendor\glm\glm\ext</Filter>
    </ClInclude>
    <ClInclude Include="vendor\glm\glm\ext\matrix_float3x3_precision.hpp">
      <Filter>vendor\glm\glm\ext</Filter>
    </ClInclude>
    <ClInclude Include="vendor\glm\glm\ext\matrix_float3x4.hpp">
      <Filter>vendor\glm\glm\ext</Filter>
    </ClInclude>
    <ClInclude Include="vendor\glm\glm\ext\matrix_float3x4_precision.hpp">
      <Filter>vendor\glm\glm\ext</Filter>
    </ClInclude>
    <ClInclude Include="vendor\glm\glm\ext\matrix_float4x2.hpp">
      <Filter>vendor\glm\glm\ext</Filter>
    </ClInclude>
    <ClInclude Include="vendor\glm\glm\ext\matrix_float4x2_precision.hpp">
      <Filter>vendor\glm\glm\ext</Filter>
    </ClInclude>
    <ClInclude Include="vendor\glm\glm\ext\matrix_float4x3.hpp">
      <Filter>vendor\glm\glm\ext</Filter>
    </ClInclude>
    <ClInclude Include="vendor\glm\glm\ext\matrix_float4x3_precision.hpp">
      <Filter>vendor\glm\glm\ext</Filter>
    </ClInclude>
    <ClInclude Include="vendor\glm\glm\ext\matrix_float4x4.hpp">
      <Filter>vendor\glm\glm\ext</Filter>
    </ClInclude>
    <ClInclude Include="vendor\glm\glm\ext\matrix_float4x4_precision.hpp">
      <Filter>vendor\glm\glm\ext</Filter>
    </ClInclude>
    <ClInclude Include="vendor\glm\glm\ext\matrix_int2x2.hpp">
      <Filter>vendor\glm\glm\ext</Filter>
    </ClInclude>
    <ClInclude Include="vendor\glm\glm\ext\matrix_int2x2_sized.hpp">
      <Filter>vendor\glm\glm\ext</Filter>
    </ClInclude>
    <ClInclude Include="vendor\glm\glm\ext\matrix_int2x3.hpp">
      <Filter>vendor\glm\glm\ext</Filter>
    </ClInclude>
    <ClInclude Include="vendor\glm\glm\ext\matrix_int2x3_sized.hpp">
      <Filter>vendor\glm\glm\ext</Filter>
    </ClInclude>
    <ClInclude Include="vendor\glm\glm\ext\matrix_int2x4.hpp">
      <Filter>vendor\glm\glm\ext</Filter>
    </ClInclude>
    <ClInclude Include="vendor\glm\glm\ext\matrix_int2x4_sized.hpp">
      <Filter>vendor\glm\glm\ext</Filter>
    </ClInclude>
    <ClInclude Include="vendor\glm\glm\ext\matrix_int3x2.hpp">
      <Filter>vendor\glm\glm\ext</Filter>
    </ClInclude>
    <ClInclude Include="vendor\glm\glm\ext\matrix_int3x2_sized.hpp">
      <Filter>vendor\glm\glm\ext</Filter>
    </ClInclude>
    <ClInclude Include="vendor\glm\glm\ext\matrix_int3x3.hpp">
      <Filter>vendor\glm\glm\ext</Filter>
    </ClInclude>
    <ClInclude Include="vendor\glm\glm\ext\matrix_int3x3_sized.hpp">
      <Filter>vendor\glm\glm\ext</Filter>
    </ClInclude>
    <ClInclude Include="vendor\glm\glm\ext\matrix_int3x4.hpp">
      <Filter>vendor\glm\glm\ext</Filter>
    </ClInclude>
    <ClInclude Include="vendor\glm\glm\ext\matrix_int3x4_sized.hpp">
      <Filter>vendor\glm\glm\ext</Filter>
    </ClInclude>
    <ClInclude Include="vendor\glm\glm\ext\matrix_int4x2.hpp">
      <Filter>vendor\glm\glm\ext</Filter>
    </ClInclude>
    <ClInclude Include="vendor\glm\glm\ext\matrix_int4x2_sized.hpp">
      <Filter>vendor\glm\glm\ext</Filter>
    </ClInclude>
    <ClInclude Include="vendor\glm\glm\ext\matrix_int4x3.hpp">
      <Filter>vendor\glm\glm\ext</Filter>
    </ClInclude>
    <ClInclude Include="vendor\glm\glm\ext\matrix_int4x3_sized.hpp">
      <Filter>vendor\glm\glm\ext</Filter>
    </ClInclude>
    <ClInclude Include="vendor\glm\glm\ext\matrix_int4x4.hpp">
      <Filter>vendor\glm\glm\ext</Filter>
    </ClInclude>
    <ClInclude Include="vendor\glm\glm\ext\matrix_int4x4_sized.hpp">
      <Filter>vendor\glm\glm\ext</Filter>
    </ClInclude>
    <ClInclude Include="vendor\glm\glm\ext\matrix_integer.hpp">
      <Filter>vendor\glm\glm\ext</Filter>
    </ClInclude>
    <ClInclude Include="vendor\glm\glm\ext\matrix_projection.hpp">
      <Filter>vendor\glm\glm\ext</Filter>
    </ClInclude>
    <ClInclude Include="vendor\glm\glm\ext\matrix_relational.hpp">
      <Filter>vendor\glm\glm\ext</Filter>
    </ClInclude>
    <ClInclude Include="vendor\glm\glm\ext\matrix_transform.hpp">
      <Filter>vendor\glm\glm\ext</Filter>
    </ClInclude>
    <ClInclude Include="vendor\glm\glm\ext\matrix_uint2x2.hpp">
      <Filter>vendor\glm\glm\ext</Filter>
    </ClInclude>
    <ClInclude Include="vendor\glm\glm\ext\matrix_uint2x2_sized.hpp">
      <Filter>vendor\glm\glm\ext</Filter>
    </ClInclude>
    <ClInclude Include="vendor\glm\glm\ext\matrix_uint2x3.hpp">
      <Filter>vendor\glm\glm\ext</Filter>
    </ClInclude>
    <ClInclude Include="vendor\glm\glm\ext\matrix_uint2x3_sized.hpp">
      <Filter>vendor\glm\glm\ext</Filter>
    </ClInclude>
    <ClInclude Include="vendor\glm\glm\ext\matrix_uint2x4.hpp">
      <Filter>vendor\glm\glm\ext</Filter>
    </ClInclude>
    <ClInclude Include="vendor\glm\glm\ext\matrix_uint2x4_sized.hpp">
      <Filter>vendor\glm\glm\ext</Filter>
    </ClInclude>
    <ClInclude Include="vendor\glm\glm\ext\matrix_uint3x2.hpp">
      <Filter>vendor\glm\glm\ext</Filter>
    </ClInclude>
    <ClInclude Include="vendor\glm\glm\ext\matrix_uint3x2_sized.hpp">
      <Filter>vendor\glm\glm\ext</Filter>
    </ClInclude>
    <ClInclude Include="vendor\glm\glm\ext\matrix_uint3x3.hpp">
      <Filter>vendor\glm\glm\ext</Filter>
    </ClInclude>
    <ClInclude Include="vendor\glm\glm\ext\matrix_uint3x3_sized.hpp">
      <Filter>vendor\glm\glm\ext</Filter>
    </ClInclude>
    <ClInclude Include="vendor\glm\glm\ext\matrix_uint3x4.hpp">
      <Filter>vendor\glm\glm\ext</Filter>
    </ClInclude>
    <ClInclude Include="vendor\glm\glm\ext\matrix_uint3x4_sized.hpp">
      <Filter>vendor\glm\glm\ext</Filter>
    </ClInclude>
    <ClInclude Include="vendor\glm\glm\ext\matrix_uint4x2.hpp">
      <Filter>vendor\glm\glm\ext</Filter>
    </ClInclude>
    <ClInclude Include="vendor\glm\glm\ext\matrix_uint4x2_sized.hpp">
      <Filter>vendor\glm\glm\ext</Filter>
    </ClInclude>
    <ClInclude Include="vendor\glm\glm\ext\matrix_uint4x3.hpp">
      <Filter>vendor\glm\glm\ext</Filter>
    </ClInclude>
    <ClInclude Include="vendor\glm\glm\ext\matrix_uint4x3_sized.hpp">
      <Filter>vendor\glm\glm\ext</Filter>
    </ClInclude>
    <ClInclude Include="vendor\glm\glm\ext\matrix_uint4x4.hpp">
      <Filter>vendor\glm\glm\ext</Filter>
    </ClInclude>
    <ClInclude Include="vendor\glm\glm\ext\matrix_uint4x4_sized.hpp">
      <Filter>vendor\glm\glm\ext</Filter>
    </ClInclude>
    <ClInclude Include="vendor\glm\glm\ext\quaternion_common.hpp">
      <Filter>vendor\glm\glm\ext</Filter>
    </ClInclude>
    <ClInclude Include="vendor\glm\glm\ext\quaternion_double.hpp">
      <Filter>vendor\glm\glm\ext</Filter>
    </ClInclude>
    <ClInclude Include="vendor\glm\glm\ext\quaternion_double_precision.hpp">
      <Filter>vendor\glm\glm\ext</Filter>
    </ClInclude>
    <ClInclude Include="vendor\glm\glm\ext\quaternion_exponential.hpp">
      <Filter>vendor\glm\glm\ext</Filter>
    </ClInclude>
    <ClInclude Include="vendor\glm\glm\ext\quaternion_float.hpp">
      <Filter>vendor\glm\glm\ext</Filter>
    </ClInclude>
    <ClInclude Include="vendor\glm\glm\ext\quaternion_float_precision.hpp">
      <Filter>vendor\glm\glm\ext</Filter>
    </ClInclude>
    <ClInclude Include="vendor\glm\glm\ext\quaternion_geometric.hpp">
      <Filter>vendor\glm\glm\ext</Filter>
    </ClInclude>
    <ClInclude Include="vendor\glm\glm\ext\quaternion_relational.hpp">
      <Filter>vendor\glm\glm\ext</Filter>
    </ClInclude>
    <ClInclude Include="vendor\glm\glm\ext\quaternion_transform.hpp">
      <Filter>vendor\glm\glm\ext</Filter>
    </ClInclude>
    <ClInclude Include="vendor\glm\glm\ext\quaternion_trigonometric.hpp">
      <Filter>vendor\glm\glm\ext</Filter>
    </ClInclude>
    <ClInclude Include="vendor\glm\glm\ext\scalar_common.hpp">
      <Filter>vendor\glm\glm\ext</Filter>
    </ClInclude>
    <ClInclude Include="vendor\glm\glm\ext\scalar_constants.hpp">
      <Filter>vendor\glm\glm\ext</Filter>
    </ClInclude>
    <ClInclude Include="vendor\glm\glm\ext\scalar_int_sized.hpp">
      <Filter>vendor\glm\glm\ext</Filter>
    </ClInclude>
    <ClInclude Include="vendor\glm\glm\ext\scalar_integer.hpp">
      <Filter>vendor\glm\glm\ext</Filter>
    </ClInclude>
    <ClInclude Include="vendor\glm\glm\ext\scalar_packing.hpp">
      <Filter>vendor\glm\glm\ext</Filter>
    </ClInclude>
    <ClInclude Include="vendor\glm\glm\ext\scalar_reciprocal.hpp">
      <Filter>vendor\glm\glm\ext</Filter>
    </ClInclude>
    <ClInclude Include="vendor\glm\glm\ext\scalar_relational.hpp">
      <Filter>vendor\glm\glm\ext</Filter>
    </ClInclude>
    <ClInclude Include="vendor\glm\glm\ext\scalar_uint_sized.hpp">
      <Filter>vendor\glm\glm\ext</Filter>
    </ClInclude>
    <ClInclude Include="vendor\glm\glm\ext\scalar_ulp.hpp">
      <Filter>vendor\glm\glm\ext</Filter>
    </ClInclude>
    <ClInclude Include="vendor\glm\glm\ext\vector_bool1.hpp">
      <Filter>vendor\glm\glm\ext</Filter>
    </ClInclude>
    <ClInclude Include="vendor\glm\glm\ext\vector_bool1_precision.hpp">
      <Filter>vendor\glm\glm\ext</Filter>
    </ClInclude>
    <ClInclude Include="vendor\glm\glm\ext\vector_bool2.hpp">
      <Filter>vendor\glm\glm\ext</Filter>
    </ClInclude>
    <ClInclude Include="vendor\glm\glm\ext\vector_bool2_precision.hpp">
      <Filter>vendor\glm\glm\ext</Filter>
    </ClInclude>
    <ClInclude Include="vendor\glm\glm\ext\vector_bool3.hpp">
      <Filter>vendor\glm\glm\ext</Filter>
    </ClInclude>
    <ClInclude Include="vendor\glm\glm\ext\vector_bool3_precision.hpp">
      <Filter>vendor\glm\glm\ext</Filter>
    </ClInclude>
    <ClInclude Include="vendor\glm\glm\ext\vector_bool4.hpp">
      <Filter>vendor\glm\glm\ext</Filter>
    </ClInclude>
    <ClInclude Include="vendor\glm\glm\ext\vector_bool4_precision.hpp">
      <Filter>vendor\glm\glm\ext</Filter>
    </ClInclude>
    <ClInclude Include="vendor\glm\glm\ext\vector_common.hpp">
      <Filter>vendor\glm\glm\ext</Filter>
    </ClInclude>
    <ClInclude Include="vendor\glm\glm\ext\vector_double1.hpp">
      <Filter>vendor\glm\glm\ext</Filter>
    </ClInclude>
    <ClInclude Include="vendor\glm\glm\ext\vector_double1_precision.hpp">
      <Filter>vendor\glm\glm\ext</Filter>
    </ClInclude>
    <ClInclude Include="vendor\glm\glm\ext\vector_double2.hpp">
      <Filter>vendor\glm\glm\ext</Filter>
    </ClInclude>
    <ClInclude Include="vendor\glm\glm\ext\vector_double2_precision.hpp">
      <Filter>vendor\glm\glm\ext</Filter>
    </ClInclude>
    <ClInclude Include="vendor\glm\glm\ext\vector_double3.hpp">
      <Filter>vendor\glm\glm\ext</Filter>
    </ClInclude>
    <ClInclude Include="vendor\glm\glm\ext\vector_double3_precision.hpp">
      <Filter>vendor\glm\glm\ext</Filter>
    </ClInclude>
    <ClInclude Include="vendor\glm\glm\ext\vector_double4.hpp">
      <Filter>vendor\glm\glm\ext</Filter>
    </ClInclude>
    <ClInclude Include="vendor\glm\glm\ext\vector_double4_precision.hpp">
      <Filter>vendor\glm\glm\ext</Filter>
    </ClInclude>
    <ClInclude Include="vendor\glm\glm\ext\vector_float1.hpp">
      <Filter>vendor\glm\glm\ext</Filter>
    </ClInclude>
    <ClInclude Include="vendor\glm\glm\ext\vector_float1_precision.hpp">
      <Filter>vendor\glm\glm\ext</Filter>
    </ClInclude>
    <ClInclude Include="vendor\glm\glm\ext\vector_float2.hpp">
      <Filter>vendor\glm\glm\ext</Filter>
    </ClInclude>
    <ClInclude Include="vendor\glm\glm\ext\vector_float2_precision.hpp">
      <Filter>vendor\glm\glm\ext</Filter>
    </ClInclude>
    <ClInclude Include="vendor\glm\glm\ext\vector_float3.hpp">
      <Filter>vendor\glm\glm\ext</Filter>
    </ClInclude>
    <ClInclude Include="vendor\glm\glm\ext\vector_float3_precision.hpp">
      <Filter>vendor\glm\glm\ext</Filter>
    </ClInclude>
    <ClInclude Include="vendor\glm\glm\ext\vector_float4.hpp">
      <Filter>vendor\glm\glm\ext</Filter>
    </ClInclude>
    <ClInclude Include="vendor\glm\glm\ext\vector_float4_precision.hpp">
      <Filter>vendor\glm\glm\ext</Filter>
    </ClInclude>
    <ClInclude Include="vendor\glm\glm\ext\vector_int1.hpp">
      <Filter>vendor\glm\glm\ext</Filter>
    </ClInclude>
    <ClInclude Include="vendor\glm\glm\ext\vector_int1_sized.hpp">
      <Filter>vendor\glm\glm\ext</Filter>
    </ClInclude>
    <ClInclude Include="vendor\glm\glm\ext\vector_int2.hpp">
      <Filter>vendor\glm\glm\ext</Filter>
    </ClInclude>
    <ClInclude Include="vendor\glm\glm\ext\vector_int2_sized.hpp">
      <Filter>vendor\glm\glm\ext</Filter>
    </ClInclude>
    <ClInclude Include="vendor\glm\glm\ext\vector_int3.hpp">
      <Filter>vendor\glm\glm\ext</Filter>
    </ClInclude>
    <ClInclude Include="vendor\glm\glm\ext\vector_int3_sized.hpp">
      <Filter>vendor\glm\glm\ext</Filter>
    </ClInclude>
    <ClInclude Include="vendor\glm\glm\ext\vector_int4.hpp">
      <Filter>vendor\glm\glm\ext</Filter>
    </ClInclude>
    <ClInclude Include="vendor\glm\glm\ext\vector_int4_sized.hpp">
      <Filter>vendor\glm\glm\ext</Filter>
    </ClInclude>
    <ClInclude Include="vendor\glm\glm\ext\vector_integer.hpp">
      <Filter>vendor\glm\glm\ext</Filter>
    </ClInclude>
    <ClInclude Include="vendor\glm\glm\ext\vector_packing.hpp">
      <Filter>vendor\glm\glm\ext</Filter>
    </ClInclude>
    <ClInclude Include="vendor\glm\glm\ext\vector_reciprocal.hpp">
      <Filter>vendor\glm\glm\ext</Filter>
    </ClInclude>
    <ClInclude Include="vendor\glm\glm\ext\vector_relational.hpp">
      <Filter>vendor\glm\glm\ext</Filter>
    </ClInclude>
    <ClInclude Include="vendor\glm\glm\ext\vector_uint1.hpp">
      <Filter>vendor\glm\glm\ext</Filter>
    </ClInclude>
    <ClInclude Include="vendor\glm\glm\ext\vector_uint1_sized.hpp">
      <Filter>vendor\glm\glm\ext</Filter>
    </ClInclude>
    <ClInclude Include="vendor\glm\glm\ext\vector_uint2.hpp">
      <Filter>vendor\glm\glm\ext</Filter>
    </ClInclude>
    <ClInclude Include="vendor\glm\glm\ext\vector_uint2_sized.hpp">
      <Filter>vendor\glm\glm\ext</Filter>
    </ClInclude>
    <ClInclude Include="vendor\glm\glm\ext\vector_uint3.hpp">
      <Filter>vendor\glm\glm\ext</Filter>
    </ClInclude>
    <ClInclude Include="vendor\glm\glm\ext\vector_uint3_sized.hpp">
      <Filter>vendor\glm\glm\ext</Filter>
    </ClInclude>
    <ClInclude Include="vendor\glm\glm\ext\vector_uint4.hpp">
      <Filter>vendor\glm\glm\ext</Filter>
    </ClInclude>
    <ClInclude Include="vendor\glm\glm\ext\vector_uint4_sized.hpp">
      <Filter>vendor\glm\glm\ext</Filter>
    </ClInclude>
    <ClInclude Include="vendor\glm\glm\ext\vector_ulp.hpp">
      <Filter>vendor\glm\glm\ext</Filter>
    </ClInclude>
    <ClInclude Include="vendor\glm\glm\fwd.hpp">
      <Filter>vendor\glm\glm</Filter>
    </ClInclude>
    <ClInclude Include="vendor\glm\glm\geometric.hpp">
      <Filter>vendor\glm\glm</Filter>
    </ClInclude>
    <ClInclude Include="vendor\glm\glm\glm.hpp">
      <Filter>vendor\glm\glm</Filter>
    </ClInclude>
    <ClInclude Include="vendor\glm\glm\gtc\bitfield.hpp">
      <Filter>vendor\glm\glm\gtc</Filter>
    </ClInclude>
    <ClInclude Include="vendor\glm\glm\gtc\color_space.hpp">
      <Filter>vendor\glm\glm\gtc</Filter>
    </ClInclude>
    <ClInclude Include="vendor\glm\glm\gtc\constants.hpp">
      <Filter>vendor\glm\glm\gtc</Filter>
    </ClInclude>
    <ClInclude Include="vendor\glm\glm\gtc\epsilon.hpp">
      <Filter>vendor\glm\glm\gtc</Filter>
    </ClInclude>
    <ClInclude Include="vendor\glm\glm\gtc\integer.hpp">
      <Filter>vendor\glm\glm\gtc</Filter>
    </ClInclude>
    <ClInclude Include="vendor\glm\glm\gtc\matrix_access.hpp">
      <Filter>vendor\glm\glm\gtc</Filter>
    </ClInclude>
    <ClInclude Include="vendor\glm\glm\gtc\matrix_integer.hpp">
      <Filter>vendor\glm\glm\gtc</Filter>
    </ClInclude>
    <ClInclude Include="vendor\glm\glm\gtc\matrix_inverse.hpp">
      <Filter>vendor\glm\glm\gtc</Filter>
    </ClInclude>
    <ClInclude Include="vendor\glm\glm\gtc\matrix_transform.hpp">
      <Filter>vendor\glm\glm\gtc</Filter>
    </ClInclude>
    <ClInclude Include="vendor\glm\glm\gtc\noise.hpp">
      <Filter>vendor\glm\glm\gtc</Filter>
    </ClInclude>
    <ClInclude Include="vendor\glm\glm\gtc\packing.hpp">
      <Filter>vendor\glm\glm\gtc</Filter>
    </ClInclude>
    <ClInclude Include="vendor\glm\glm\gtc\quaternion.hpp">
      <Filter>vendor\glm\glm\gtc</Filter>
    </ClInclude>
    <ClInclude Include="vendor\glm\glm\gtc\random.hpp">
      <Filter>vendor\glm\glm\gtc</Filter>
    </ClInclude>
    <ClInclude Include="vendor\glm\glm\gtc\reciprocal.hpp">
      <Filter>vendor\glm\glm\gtc</Filter>
    </ClInclude>
    <ClInclude Include="vendor\glm\glm\gtc\round.hpp">
      <Filter>vendor\glm\glm\gtc</Filter>
    </ClInclude>
    <ClInclude Include="vendor\glm\glm\gtc\type_aligned.hpp">
      <Filter>vendor\glm\glm\gtc</Filter>
    </ClInclude>
    <ClInclude Include="vendor\glm\glm\gtc\type_precision.hpp">
      <Filter>vendor\glm\glm\gtc</Filter>
    </ClInclude>
    <ClInclude Include="vendor\glm\glm\gtc\type_ptr.hpp">
      <Filter>vendor\glm\glm\gtc</Filter>
    </ClInclude>
    <ClInclude Include="vendor\glm\glm\gtc\ulp.hpp">
      <Filter>vendor\glm\glm\gtc</Filter>
    </ClInclude>
    <ClInclude Include="vendor\glm\glm\gtc\vec1.hpp">
      <Filter>vendor\glm\glm\gtc</Filter>
    </ClInclude>
    <ClInclude Include="vendor\glm\glm\gtx\associated_min_max.hpp">
      <Filter>vendor\glm\glm\gtx</Filter>
    </ClInclude>
    <ClInclude Include="vendor\glm\glm\gtx\bit.hpp">
      <Filter>vendor\glm\glm\gtx</Filter>
    </ClInclude>
    <ClInclude Include="vendor\glm\glm\gtx\closest_point.hpp">
      <Filter>vendor\glm\glm\gtx</Filter>
    </ClInclude>
    <ClInclude Include="vendor\glm\glm\gtx\color_encoding.hpp">
      <Filter>vendor\glm\glm\gtx</Filter>
    </ClInclude>
    <ClInclude Include="vendor\glm\glm\gtx\color_space.hpp">
      <Filter>vendor\glm\glm\gtx</Filter>
    </ClInclude>
    <ClInclude Include="vendor\glm\glm\gtx\color_space_YCoCg.hpp">
      <Filter>vendor\glm\glm\gtx</Filter>
    </ClInclude>
    <ClInclude Include="vendor\glm\glm\gtx\common.hpp">
      <Filter>vendor\glm\glm\gtx</Filter>
    </ClInclude>
    <ClInclude Include="vendor\glm\glm\gtx\compatibility.hpp">
      <Filter>vendor\glm\glm\gtx</Filter>
    </ClInclude>
    <ClInclude Include="vendor\glm\glm\gtx\component_wise.hpp">
      <Filter>vendor\glm\glm\gtx</Filter>
    </ClInclude>
    <ClInclude Include="vendor\glm\glm\gtx\dual_quaternion.hpp">
      <Filter>vendor\glm\glm\gtx</Filter>
    </ClInclude>
    <ClInclude Include="vendor\glm\glm\gtx\easing.hpp">
      <Filter>vendor\glm\glm\gtx</Filter>
    </ClInclude>
    <ClInclude Include="vendor\glm\glm\gtx\euler_angles.hpp">
      <Filter>vendor\glm\glm\gtx</Filter>
    </ClInclude>
    <ClInclude Include="vendor\glm\glm\gtx\extend.hpp">
      <Filter>vendor\glm\glm\gtx</Filter>
    </ClInclude>
    <ClInclude Include="vendor\glm\glm\gtx\extended_min_max.hpp">
      <Filter>vendor\glm\glm\gtx</Filter>
    </ClInclude>
    <ClInclude Include="vendor\glm\glm\gtx\exterior_product.hpp">
      <Filter>vendor\glm\glm\gtx</Filter>
    </ClInclude>
    <ClInclude Include="vendor\glm\glm\gtx\fast_exponential.hpp">
      <Filter>vendor\glm\glm\gtx</Filter>
    </ClInclude>
    <ClInclude Include="vendor\glm\glm\gtx\fast_square_root.hpp">
      <Filter>vendor\glm\glm\gtx</Filter>
    </ClInclude>
    <ClInclude Include="vendor\glm\glm\gtx\fast_trigonometry.hpp">
      <Filter>vendor\glm\glm\gtx</Filter>
    </ClInclude>
    <ClInclude Include="vendor\glm\glm\gtx\functions.hpp">
      <Filter>vendor\glm\glm\gtx</Filter>
    </ClInclude>
    <ClInclude Include="vendor\glm\glm\gtx\gradient_paint.hpp">
      <Filter>vendor\glm\glm\gtx</Filter>
    </ClInclude>
    <ClInclude Include="vendor\glm\glm\gtx\handed_coordinate_space.hpp">
      <Filter>vendor\glm\glm\gtx</Filter>
    </ClInclude>
    <ClInclude Include="vendor\glm\glm\gtx\hash.hpp">
      <Filter>vendor\glm\glm\gtx</Filter>
    </ClInclude>
    <ClInclude Include="vendor\glm\glm\gtx\integer.hpp">
      <Filter>vendor\glm\glm\gtx</Filter>
    </ClInclude>
    <ClInclude Include="vendor\glm\glm\gtx\intersect.hpp">
      <Filter>vendor\glm\glm\gtx</Filter>
    </ClInclude>
    <ClInclude Include="vendor\glm\glm\gtx\io.hpp">
      <Filter>vendor\glm\glm\gtx</Filter>
    </ClInclude>
    <ClInclude Include="vendor\glm\glm\gtx\log_base.hpp">
      <Filter>vendor\glm\glm\gtx</Filter>
    </ClInclude>
    <ClInclude Include="vendor\glm\glm\gtx\matrix_cross_product.hpp">
      <Filter>vendor\glm\glm\gtx</Filter>
    </ClInclude>
    <ClInclude Include="vendor\glm\glm\gtx\matrix_decompose.hpp">
      <Filter>vendor\glm\glm\gtx</Filter>
    </ClInclude>
    <ClInclude Include="vendor\glm\glm\gtx\matrix_factorisation.hpp">
      <Filter>vendor\glm\glm\gtx</Filter>
    </ClInclude>
    <ClInclude Include="vendor\glm\glm\gtx\matrix_interpolation.hpp">
      <Filter>vendor\glm\glm\gtx</Filter>
    </ClInclude>
    <ClInclude Include="vendor\glm\glm\gtx\matrix_major_storage.hpp">
      <Filter>vendor\glm\glm\gtx</Filter>
    </ClInclude>
    <ClInclude Include="vendor\glm\glm\gtx\matrix_operation.hpp">
      <Filter>vendor\glm\glm\gtx</Filter>
    </ClInclude>
    <ClInclude Include="vendor\glm\glm\gtx\matrix_query.hpp">
      <Filter>vendor\glm\glm\gtx</Filter>
    </ClInclude>
    <ClInclude Include="vendor\glm\glm\gtx\matrix_transform_2d.hpp">
      <Filter>vendor\glm\glm\gtx</Filter>
    </ClInclude>
    <ClInclude Include="vendor\glm\glm\gtx\mixed_product.hpp">
      <Filter>vendor\glm\glm\gtx</Filter>
    </ClInclude>
    <ClInclude Include="vendor\glm\glm\gtx\norm.hpp">
      <Filter>vendor\glm\glm\gtx</Filter>
    </ClInclude>
    <ClInclude Include="vendor\glm\glm\gtx\normal.hpp">
      <Filter>vendor\glm\glm\gtx</Filter>
    </ClInclude>
    <ClInclude Include="vendor\glm\glm\gtx\normalize_dot.hpp">
      <Filter>vendor\glm\glm\gtx</Filter>
    </ClInclude>
    <ClInclude Include="vendor\glm\glm\gtx\number_precision.hpp">
      <Filter>vendor\glm\glm\gtx</Filter>
    </ClInclude>
    <ClInclude Include="vendor\glm\glm\gtx\optimum_pow.hpp">
      <Filter>vendor\glm\glm\gtx</Filter>
    </ClInclude>
    <ClInclude Include="vendor\glm\glm\gtx\orthonormalize.hpp">
      <Filter>vendor\glm\glm\gtx</Filter>
    </ClInclude>
    <ClInclude Include="vendor\glm\glm\gtx\pca.hpp">
      <Filter>vendor\glm\glm\gtx</Filter>
    </ClInclude>
    <ClInclude Include="vendor\glm\glm\gtx\perpendicular.hpp">
      <Filter>vendor\glm\glm\gtx</Filter>
    </ClInclude>
    <ClInclude Include="vendor\glm\glm\gtx\polar_coordinates.hpp">
      <Filter>vendor\glm\glm\gtx</Filter>
    </ClInclude>
    <ClInclude Include="vendor\glm\glm\gtx\projection.hpp">
      <Filter>vendor\glm\glm\gtx</Filter>
    </ClInclude>
    <ClInclude Include="vendor\glm\glm\gtx\quaternion.hpp">
      <Filter>vendor\glm\glm\gtx</Filter>
    </ClInclude>
    <ClInclude Include="vendor\glm\glm\gtx\range.hpp">
      <Filter>vendor\glm\glm\gtx</Filter>
    </ClInclude>
    <ClInclude Include="vendor\glm\glm\gtx\raw_data.hpp">
      <Filter>vendor\glm\glm\gtx</Filter>
    </ClInclude>
    <ClInclude Include="vendor\glm\glm\gtx\rotate_normalized_axis.hpp">
      <Filter>vendor\glm\glm\gtx</Filter>
    </ClInclude>
    <ClInclude Include="vendor\glm\glm\gtx\rotate_vector.hpp">
      <Filter>vendor\glm\glm\gtx</Filter>
    </ClInclude>
    <ClInclude Include="vendor\glm\glm\gtx\scalar_multiplication.hpp">
      <Filter>vendor\glm\glm\gtx</Filter>
    </ClInclude>
    <ClInclude Include="vendor\glm\glm\gtx\scalar_relational.hpp">
      <Filter>vendor\glm\glm\gtx</Filter>
    </ClInclude>
    <ClInclude Include="vendor\glm\glm\gtx\spline.hpp">
      <Filter>vendor\glm\glm\gtx</Filter>
    </ClInclude>
    <ClInclude Include="vendor\glm\glm\gtx\std_based_type.hpp">
      <Filter>vendor\glm\glm\gtx</Filter>
    </ClInclude>
    <ClInclude Include="vendor\glm\glm\gtx\string_cast.hpp">
      <Filter>vendor\glm\glm\gtx</Filter>
    </ClInclude>
    <ClInclude Include="vendor\glm\glm\gtx\texture.hpp">
      <Filter>vendor\glm\glm\gtx</Filter>
    </ClInclude>
    <ClInclude Include="vendor\glm\glm\gtx\transform.hpp">
      <Filter>vendor\glm\glm\gtx</Filter>
    </ClInclude>
    <ClInclude Include="vendor\glm\glm\gtx\transform2.hpp">
      <Filter>vendor\glm\glm\gtx</Filter>
    </ClInclude>
    <ClInclude Include="vendor\glm\glm\gtx\type_aligned.hpp">
      <Filter>vendor\glm\glm\gtx</Filter>
    </ClInclude>
    <ClInclude Include="vendor\glm\glm\gtx\type_trait.hpp">
      <Filter>vendor\glm\glm\gtx</Filter>
    </ClInclude>
    <ClInclude Include="vendor\glm\glm\gtx\vec_swizzle.hpp">
      <Filter>vendor\glm\glm\gtx</Filter>
    </ClInclude>
    <ClInclude Include="vendor\glm\glm\gtx\vector_angle.hpp">
      <Filter>vendor\glm\glm\gtx</Filter>
    </ClInclude>
    <ClInclude Include="vendor\glm\glm\gtx\vector_query.hpp">
      <Filter>vendor\glm\glm\gtx</Filter>
    </ClInclude>
    <ClInclude Include="vendor\glm\glm\gtx\wrap.hpp">
      <Filter>vendor\glm\glm\gtx</Filter>
    </ClInclude>
    <ClInclude Include="vendor\glm\glm\integer.hpp">
      <Filter>vendor\glm\glm</Filter>
    </ClInclude>
    <ClInclude Include="vendor\glm\glm\mat2x2.hpp">
      <Filter>vendor\glm\glm</Filter>
    </ClInclude>
    <ClInclude Include="vendor\glm\glm\mat2x3.hpp">
      <Filter>vendor\glm\glm</Filter>
    </ClInclude>
    <ClInclude Include="vendor\glm\glm\mat2x4.hpp">
      <Filter>vendor\glm\glm</Filter>
    </ClInclude>
    <ClInclude Include="vendor\glm\glm\mat3x2.hpp">
      <Filter>vendor\glm\glm</Filter>
    </ClInclude>
    <ClInclude Include="vendor\glm\glm\mat3x3.hpp">
      <Filter>vendor\glm\glm</Filter>
    </ClInclude>
    <ClInclude Include="vendor\glm\glm\mat3x4.hpp">
      <Filter>vendor\glm\glm</Filter>
    </ClInclude>
    <ClInclude Include="vendor\glm\glm\mat4x2.hpp">
      <Filter>vendor\glm\glm</Filter>
    </ClInclude>
    <ClInclude Include="vendor\glm\glm\mat4x3.hpp">
      <Filter>vendor\glm\glm</Filter>
    </ClInclude>
    <ClInclude Include="vendor\glm\glm\mat4x4.hpp">
      <Filter>vendor\glm\glm</Filter>
    </ClInclude>
    <ClInclude Include="vendor\glm\glm\matrix.hpp">
      <Filter>vendor\glm\glm</Filter>
    </ClInclude>
    <ClInclude Include="vendor\glm\glm\packing.hpp">
      <Filter>vendor\glm\glm</Filter>
    </ClInclude>
    <ClInclude Include="vendor\glm\glm\trigonometric.hpp">
      <Filter>vendor\glm\glm</Filter>
    </ClInclude>
    <ClInclude Include="vendor\glm\glm\vec2.hpp">
      <Filter>vendor\glm\glm</Filter>
    </ClInclude>
    <ClInclude Include="vendor\glm\glm\vec3.hpp">
      <Filter>vendor\glm\glm</Filter>
    </ClInclude>
    <ClInclude Include="vendor\glm\glm\vec4.hpp">
      <Filter>vendor\glm\glm</Filter>
    </ClInclude>
    <ClInclude Include="vendor\glm\glm\vector_relational.hpp">
      <Filter>vendor\glm\glm</Filter>
    </ClInclude>
    <ClInclude Include="vendor\stb_image\stb_image.h">
      <Filter>vendor\stb_image</Filter>
    </ClInclude>
  </ItemGroup>
  <ItemGroup>
    <ClCompile Include="src\Hazel\Asset\Image\SubTexture2D.cpp">
      <Filter>src\Hazel\Asset\Image</Filter>
    </ClCompile>
    <ClCompile Include="src\Hazel\Asset\Image\Texture.cpp">
      <Filter>src\Hazel\Asset\Image</Filter>
    </ClCompile>
    <ClCompile Include="src\Hazel\Asset\ResourceManager.cpp">
      <Filter>src\Hazel\Asset</Filter>
    </ClCompile>
    <ClCompile Include="src\Hazel\Asset\Shader\Shader.cpp">
      <Filter>src\Hazel\Asset\Shader</Filter>
    </ClCompile>
    <ClCompile Include="src\Hazel\Core\Allocation\Allocator\DefaultHeapAllocator.cpp">
      <Filter>src\Hazel\Core\Allocation\Allocator</Filter>
    </ClCompile>
    <ClCompile Include="src\Hazel\Core\Allocation\MemoryPool\Allocator\FreeListAllocator.cpp">
      <Filter>src\Hazel\Core\Allocation\MemoryPool\Allocator</Filter>
    </ClCompile>
    <ClCompile Include="src\Hazel\Core\Allocation\MemoryPool\Allocator\MemoryPoolAllocator.cpp">
      <Filter>src\Hazel\Core\Allocation\MemoryPool\Allocator</Filter>
    </ClCompile>
    <ClCompile Include="src\Hazel\Core\Allocation\MemoryPool\Allocator\PoolAllocator.cpp">
      <Filter>src\Hazel\Core\Allocation\MemoryPool\Allocator</Filter>
    </ClCompile>
    <ClCompile Include="src\Hazel\Core\Allocation\MemoryPool\Allocator\StackAllocator.cpp">
      <Filter>src\Hazel\Core\Allocation\MemoryPool\Allocator</Filter>
    </ClCompile>
    <ClCompile Include="src\Hazel\Core\Allocation\MemoryPool\BaseMemoryPool.cpp">
      <Filter>src\Hazel\Core\Allocation\MemoryPool</Filter>
    </ClCompile>
    <ClCompile Include="src\Hazel\Core\Allocation\MemoryPool\FixedMemoryPool.cpp">
      <Filter>src\Hazel\Core\Allocation\MemoryPool</Filter>
    </ClCompile>
    <ClCompile Include="src\Hazel\Core\Allocation\MemoryPool\MemoryPoolManager.cpp">
      <Filter>src\Hazel\Core\Allocation\MemoryPool</Filter>
    </ClCompile>
    <ClCompile Include="src\Hazel\Core\Allocation\MemoryPool\VariantMemoryPool.cpp">
      <Filter>src\Hazel\Core\Allocation\MemoryPool</Filter>
    </ClCompile>
    <ClCompile Include="src\Hazel\Core\Application.cpp">
      <Filter>src\Hazel\Core</Filter>
    </ClCompile>
    <ClCompile Include="src\Hazel\Core\GC\GC.cpp">
      <Filter>src\Hazel\Core\GC</Filter>
    </ClCompile>
    <ClCompile Include="src\Hazel\Core\GC\GCObject.cpp">
      <Filter>src\Hazel\Core\GC</Filter>
    </ClCompile>
    <ClCompile Include="src\Hazel\Core\ID\UUID.cpp">
      <Filter>src\Hazel\Core\ID</Filter>
    </ClCompile>
    <ClCompile Include="src\Hazel\Core\Layer\Layer.cpp">
      <Filter>src\Hazel\Core\Layer</Filter>
    </ClCompile>
    <ClCompile Include="src\Hazel\Core\Layer\LayerStack.cpp">
      <Filter>src\Hazel\Core\Layer</Filter>
    </ClCompile>
    <ClCompile Include="src\Hazel\Core\Object\BaseObject.cpp">
      <Filter>src\Hazel\Core\Object</Filter>
    </ClCompile>
    <ClCompile Include="src\Hazel\Core\Object\ObjectDB.cpp">
      <Filter>src\Hazel\Core\Object</Filter>
    </ClCompile>
    <ClCompile Include="src\Hazel\Core\Object\ObjectID.cpp">
      <Filter>src\Hazel\Core\Object</Filter>
    </ClCompile>
    <ClCompile Include="src\Hazel\Core\Object\ObjectPtr.cpp">
      <Filter>src\Hazel\Core\Object</Filter>
    </ClCompile>
    <ClCompile Include="src\Hazel\Core\Reflection\Reflection.cpp">
      <Filter>src\Hazel\Core\Reflection</Filter>
    </ClCompile>
    <ClCompile Include="src\Hazel\Core\Reflection\TypeUtils.cpp">
      <Filter>src\Hazel\Core\Reflection</Filter>
    </ClCompile>
    <ClCompile Include="src\Hazel\Core\Reflection\VariableId.cpp">
      <Filter>src\Hazel\Core\Reflection</Filter>
    </ClCompile>
    <ClCompile Include="src\Hazel\Core\Serialization\JsonSerializer.cpp">
      <Filter>src\Hazel\Core\Serialization</Filter>
    </ClCompile>
    <ClCompile Include="src\Hazel\Core\Serialization\SerializeTarget.cpp">
      <Filter>src\Hazel\Core\Serialization</Filter>
    </ClCompile>
    <ClCompile Include="src\Hazel\Core\Serialization\Serializer.cpp">
      <Filter>src\Hazel\Core\Serialization</Filter>
    </ClCompile>
    <ClCompile Include="src\Hazel\Core\Thread\ThreadUtil.cpp">
      <Filter>src\Hazel\Core\Thread</Filter>
    </ClCompile>
    <ClCompile Include="src\Hazel\Core\Window.cpp">
      <Filter>src\Hazel\Core</Filter>
    </ClCompile>
    <ClCompile Include="src\Hazel\FileSystem\DirectorySystem.cpp">
      <Filter>src\Hazel\FileSystem</Filter>
    </ClCompile>
    <ClCompile Include="src\Hazel\FileSystem\FileMemory.cpp">
      <Filter>src\Hazel\FileSystem</Filter>
    </ClCompile>
    <ClCompile Include="src\Hazel\ImGui\ImGuiLayer.cpp">
      <Filter>src\Hazel\ImGui</Filter>
    </ClCompile>
    <ClCompile Include="src\Hazel\ImGui\ImGuilBuild.cpp">
      <Filter>src\Hazel\ImGui</Filter>
    </ClCompile>
    <ClCompile Include="src\Hazel\Math\Math.cpp">
      <Filter>src\Hazel\Math</Filter>
    </ClCompile>
    <ClCompile Include="src\Hazel\Scene\Component\CameraComponent.cpp">
      <Filter>src\Hazel\Scene\Component</Filter>
    </ClCompile>
    <ClCompile Include="src\Hazel\Scene\Component\Collider\BoxCollider2DComponent.cpp">
      <Filter>src\Hazel\Scene\Component\Collider</Filter>
    </ClCompile>
    <ClCompile Include="src\Hazel\Scene\Component\Collider\CircleCollider2DComponent.cpp">
      <Filter>src\Hazel\Scene\Component\Collider</Filter>
    </ClCompile>
    <ClCompile Include="src\Hazel\Scene\Component\Component.cpp">
      <Filter>src\Hazel\Scene\Component</Filter>
    </ClCompile>
    <ClCompile Include="src\Hazel\Scene\Component\Identifier\IDComponent.cpp">
      <Filter>src\Hazel\Scene\Component\Identifier</Filter>
    </ClCompile>
    <ClCompile Include="src\Hazel\Scene\Component\Identifier\NameComponent.cpp">
      <Filter>src\Hazel\Scene\Component\Identifier</Filter>
    </ClCompile>
    <ClCompile Include="src\Hazel\Scene\Component\NativeScriptComponent.cpp">
      <Filter>src\Hazel\Scene\Component</Filter>
    </ClCompile>
    <ClCompile Include="src\Hazel\Scene\Component\Renderer\CircleRendererComponent.cpp">
      <Filter>src\Hazel\Scene\Component\Renderer</Filter>
    </ClCompile>
    <ClCompile Include="src\Hazel\Scene\Component\Renderer\SpriteRenderComponent.cpp">
      <Filter>src\Hazel\Scene\Component\Renderer</Filter>
    </ClCompile>
    <ClCompile Include="src\Hazel\Scene\Component\RigidBody2DComponent.cpp">
      <Filter>src\Hazel\Scene\Component</Filter>
    </ClCompile>
    <ClCompile Include="src\Hazel\Scene\Component\TransformComponent.cpp">
      <Filter>src\Hazel\Scene\Component</Filter>
    </ClCompile>
    <ClCompile Include="src\Hazel\Scene\Entity.cpp">
      <Filter>src\Hazel\Scene</Filter>
    </ClCompile>
    <ClCompile Include="src\Hazel\Scene\Scene.cpp">
      <Filter>src\Hazel\Scene</Filter>
    </ClCompile>
    <ClCompile Include="src\Hazel\Scene\SceneCamera.cpp">
      <Filter>src\Hazel\Scene</Filter>
    </ClCompile>
    <ClCompile Include="src\Hazel\Scene\SceneSerializer.cpp">
      <Filter>src\Hazel\Scene</Filter>
    </ClCompile>
    <ClCompile Include="src\Hazel\Scene\ScriptableEntity.cpp">
      <Filter>src\Hazel\Scene</Filter>
    </ClCompile>
    <ClCompile Include="src\Hazel\Utils\EngineUtil.cpp">
      <Filter>src\Hazel\Utils</Filter>
    </ClCompile>
    <ClCompile Include="src\Hazel\Utils\Log.cpp">
      <Filter>src\Hazel\Utils</Filter>
    </ClCompile>
    <ClCompile Include="src\Hazel\Utils\Random.cpp">
      <Filter>src\Hazel\Utils</Filter>
    </ClCompile>
    <ClCompile Include="src\Hazel\Utils\StringUtil.cpp">
      <Filter>src\Hazel\Utils</Filter>
    </ClCompile>
    <ClCompile Include="src\Platform\OpenGL\OpenGLBuffer.cpp">
      <Filter>src\Platform\OpenGL</Filter>
    </ClCompile>
    <ClCompile Include="src\Platform\OpenGL\OpenGLContext.cpp">
      <Filter>src\Platform\OpenGL</Filter>
    </ClCompile>
    <ClCompile Include="src\Platform\OpenGL\OpenGLFrameBuffer.cpp">
      <Filter>src\Platform\OpenGL</Filter>
    </ClCompile>
    <ClCompile Include="src\Platform\OpenGL\OpenGLRendererAPI.cpp">
      <Filter>src\Platform\OpenGL</Filter>
    </ClCompile>
    <ClCompile Include="src\Platform\OpenGL\OpenGLShader.cpp">
      <Filter>src\Platform\OpenGL</Filter>
    </ClCompile>
    <ClCompile Include="src\Platform\OpenGL\OpenGLTexture.cpp">
      <Filter>src\Platform\OpenGL</Filter>
    </ClCompile>
    <ClCompile Include="src\Platform\OpenGL\OpenGLUniformBuffer.cpp">
      <Filter>src\Platform\OpenGL</Filter>
    </ClCompile>
    <ClCompile Include="src\Platform\OpenGL\OpenGLVertexArray.cpp">
      <Filter>src\Platform\OpenGL</Filter>
    </ClCompile>
    <ClCompile Include="src\Platform\Windows\WindowPlatformUtil.cpp">
      <Filter>src\Platform\Windows</Filter>
    </ClCompile>
    <ClCompile Include="src\Platform\Windows\WindowsInput.cpp">
      <Filter>src\Platform\Windows</Filter>
    </ClCompile>
    <ClCompile Include="src\Platform\Windows\WindowsWindow.cpp">
      <Filter>src\Platform\Windows</Filter>
    </ClCompile>
    <ClCompile Include="src\Renderer\Buffer\Buffer.cpp">
      <Filter>src\Renderer\Buffer</Filter>
    </ClCompile>
    <ClCompile Include="src\Renderer\Buffer\FrameBuffer.cpp">
      <Filter>src\Renderer\Buffer</Filter>
    </ClCompile>
    <ClCompile Include="src\Renderer\Buffer\UniformBuffer.cpp">
      <Filter>src\Renderer\Buffer</Filter>
    </ClCompile>
    <ClCompile Include="src\Renderer\Camera\Camera.cpp">
      <Filter>src\Renderer\Camera</Filter>
    </ClCompile>
    <ClCompile Include="src\Renderer\Camera\EditorCamera.cpp">
      <Filter>src\Renderer\Camera</Filter>
    </ClCompile>
    <ClCompile Include="src\Renderer\Camera\OrthographicCamera.cpp">
      <Filter>src\Renderer\Camera</Filter>
    </ClCompile>
    <ClCompile Include="src\Renderer\Camera\OrthographicCameraController.cpp">
      <Filter>src\Renderer\Camera</Filter>
    </ClCompile>
    <ClCompile Include="src\Renderer\RenderCommand.cpp">
      <Filter>src\Renderer</Filter>
    </ClCompile>
    <ClCompile Include="src\Renderer\Renderer.cpp">
      <Filter>src\Renderer</Filter>
    </ClCompile>
    <ClCompile Include="src\Renderer\Renderer2D.cpp">
      <Filter>src\Renderer</Filter>
    </ClCompile>
    <ClCompile Include="src\Renderer\RendererAPI.cpp">
      <Filter>src\Renderer</Filter>
    </ClCompile>
    <ClCompile Include="src\Renderer\VertexArray.cpp">
      <Filter>src\Renderer</Filter>
    </ClCompile>
    <ClCompile Include="src\hzpch.cpp">
      <Filter>src</Filter>
    </ClCompile>
    <ClCompile Include="vendor\ImGuizmo\ImGuizmo.cpp">
      <Filter>vendor\ImGuizmo</Filter>
    </ClCompile>
    <ClCompile Include="vendor\stb_image\stb_image.cpp">
      <Filter>vendor\stb_image</Filter>
    </ClCompile>
  </ItemGroup>
</Project>