<?xml version="1.0" encoding="utf-8"?>
<Project ToolsVersion="4.0" xmlns="http://schemas.microsoft.com/developer/msbuild/2003">
  <ItemGroup>
    <Filter Include="Panel">
      <UniqueIdentifier>{95BADD0D-01CF-05BF-CA50-A91E362402F0}</UniqueIdentifier>
    </Filter>
  </ItemGroup>
  <ItemGroup>
    <ClInclude Include="src\EditorLayer.h" />
    <ClInclude Include="src\Panel\SceneHierarchyPanel.h">
      <Filter>Panel</Filter>
    </ClInclude>
    <ClInclude Include="src\ParticleSystem.h" />
    <ClInclude Include="src\File\PathInfo.h" />
    <ClInclude Include="src\File\FileManager.h" />
  </ItemGroup>
  <ItemGroup>
    <ClCompile Include="src\EditorLayer.cpp" />
    <ClCompile Include="src\HazelEditorApp.cpp" />
    <ClCompile Include="src\Panel\SceneHierarchyPanel.cpp">
      <Filter>Panel</Filter>
    </ClCompile>
    <ClCompile Include="src\ParticleSystem.cpp" />
    <ClCompile Include="src\File\FileManager.cpp" />
    <ClCompile Include="src\File\PathInfo.cpp" />
  </ItemGroup>
</Project>