<?xml version="1.0" encoding="utf-8"?>
<Project ToolsVersion="4.0" xmlns="http://schemas.microsoft.com/developer/msbuild/2003">
  <ItemGroup>
    <Filter Include="File">
      <UniqueIdentifier>{053F857C-F175-860D-9A62-6C108678020F}</UniqueIdentifier>
    </Filter>
    <Filter Include="Panel">
      <UniqueIdentifier>{95BADD0D-01CF-05BF-CA50-A91E362402F0}</UniqueIdentifier>
    </Filter>
    <Filter Include="Panel\ComponentPanel">
      <UniqueIdentifier>{07A6021B-F334-8CE4-9C53-A0DF88C19C8A}</UniqueIdentifier>
    </Filter>
    <Filter Include="Panel\Utils">
      <UniqueIdentifier>{B5974C51-214D-C546-AA41-BF1D16F6BB4A}</UniqueIdentifier>
    </Filter>
  </ItemGroup>
  <ItemGroup>
    <ClInclude Include="src\EditorLayer.h" />
    <ClInclude Include="src\File\FileManager.h">
      <Filter>File</Filter>
    </ClInclude>
    <ClInclude Include="src\File\PathManager.h">
      <Filter>File</Filter>
    </ClInclude>
    <ClInclude Include="src\Panel\ComponentPanel\CameraPanel.h">
      <Filter>Panel\ComponentPanel</Filter>
    </ClInclude>
    <ClInclude Include="src\Panel\ContentBrowserPanel.h">
      <Filter>Panel</Filter>
    </ClInclude>
    <ClInclude Include="src\Panel\SceneHierarchyPanel.h">
      <Filter>Panel</Filter>
    </ClInclude>
    <ClInclude Include="src\Panel\Utils\PanelUtils.h">
      <Filter>Panel\Utils</Filter>
    </ClInclude>
    <ClInclude Include="src\ParticleSystem.h" />
  </ItemGroup>
  <ItemGroup>
    <ClCompile Include="src\EditorLayer.cpp" />
    <ClCompile Include="src\File\FileManager.cpp">
      <Filter>File</Filter>
    </ClCompile>
    <ClCompile Include="src\File\PathManager.cpp">
      <Filter>File</Filter>
    </ClCompile>
    <ClCompile Include="src\HazelEditorApp.cpp" />
    <ClCompile Include="src\Panel\ComponentPanel\CameraPanel.cpp">
      <Filter>Panel\ComponentPanel</Filter>
    </ClCompile>
    <ClCompile Include="src\Panel\ContentBrowserPanel.cpp">
      <Filter>Panel</Filter>
    </ClCompile>
    <ClCompile Include="src\Panel\SceneHierarchyPanel.cpp">
      <Filter>Panel</Filter>
    </ClCompile>
    <ClCompile Include="src\ParticleSystem.cpp" />
  </ItemGroup>
</Project>